Microsoft Visual Studio Solution File, Format Version 12.00
# Visual Studio Version 17
VisualStudioVersion = 17.5.2.0
MinimumVisualStudioVersion = 10.0.40219.1
Project("{FAE04EC0-301F-11D3-BF4B-00C04F79EFBC}") = "LogisticsCMS", "LogisticsCMS\LogisticsCMS.csproj", "{52626C89-647D-79FC-E0AE-52ECDFB1FA58}"
EndProject
Global
	GlobalSection(SolutionConfigurationPlatforms) = preSolution
		Debug|Any CPU = Debug|Any CPU
		Release|Any CPU = Release|Any CPU
	EndGlobalSection
	GlobalSection(ProjectConfigurationPlatforms) = postSolution
		{52626C89-647D-79FC-E0AE-52ECDFB1FA58}.Debug|Any CPU.ActiveCfg = Debug|Any CPU
		{52626C89-647D-79FC-E0AE-52ECDFB1FA58}.Debug|Any CPU.Build.0 = Debug|Any CPU
		{52626C89-647D-79FC-E0AE-52ECDFB1FA58}.Release|Any CPU.ActiveCfg = Release|Any CPU
		{52626C89-647D-79FC-E0AE-52ECDFB1FA58}.Release|Any CPU.Build.0 = Release|Any CPU
	EndGlobalSection
	GlobalSection(SolutionProperties) = preSolution
		HideSolutionNode = FALSE
	EndGlobalSection
	GlobalSection(ExtensibilityGlobals) = postSolution
		SolutionGuid = {BEA94C6F-957C-4F16-896A-4361F02D5FAE}
	EndGlobalSection
EndGlobal

